
Microsoft Visual Studio Solution File, Format Version 12.00
Project("{FAE04EC0-301F-11D3-BF4B-00C04F79EFBC}") = "MISA.API", "MISA.API\MISA.API.csproj", "{819523F2-2D28-4581-BBDB-A1A69113E32B}"
EndProject
Project("{FAE04EC0-301F-11D3-BF4B-00C04F79EFBC}") = "MISA.BL", "MISA.BL\MISA.BL.csproj", "{FA28CAE0-6C65-444B-B708-71D9E02B71E5}"
EndProject
Project("{FAE04EC0-301F-11D3-BF4B-00C04F79EFBC}") = "MISA.DL", "MISA.DL\MISA.DL.csproj", "{9860D0BE-2674-440E-A5ED-67C272969AD9}"
EndProject
Project("{FAE04EC0-301F-11D3-BF4B-00C04F79EFBC}") = "MISA.Common", "MISA.Common\MISA.Common.csproj", "{5BFA26F1-13C6-43C4-9C3A-1142655114B6}"
EndProject
Global
	GlobalSection(SolutionConfigurationPlatforms) = preSolution
		Debug|Any CPU = Debug|Any CPU
		Release|Any CPU = Release|Any CPU
	EndGlobalSection
	GlobalSection(ProjectConfigurationPlatforms) = postSolution
		{819523F2-2D28-4581-BBDB-A1A69113E32B}.Debug|Any CPU.ActiveCfg = Debug|Any CPU
		{819523F2-2D28-4581-BBDB-A1A69113E32B}.Debug|Any CPU.Build.0 = Debug|Any CPU
		{819523F2-2D28-4581-BBDB-A1A69113E32B}.Release|Any CPU.ActiveCfg = Release|Any CPU
		{819523F2-2D28-4581-BBDB-A1A69113E32B}.Release|Any CPU.Build.0 = Release|Any CPU
		{FA28CAE0-6C65-444B-B708-71D9E02B71E5}.Debug|Any CPU.ActiveCfg = Debug|Any CPU
		{FA28CAE0-6C65-444B-B708-71D9E02B71E5}.Debug|Any CPU.Build.0 = Debug|Any CPU
		{FA28CAE0-6C65-444B-B708-71D9E02B71E5}.Release|Any CPU.ActiveCfg = Release|Any CPU
		{FA28CAE0-6C65-444B-B708-71D9E02B71E5}.Release|Any CPU.Build.0 = Release|Any CPU
		{9860D0BE-2674-440E-A5ED-67C272969AD9}.Debug|Any CPU.ActiveCfg = Debug|Any CPU
		{9860D0BE-2674-440E-A5ED-67C272969AD9}.Debug|Any CPU.Build.0 = Debug|Any CPU
		{9860D0BE-2674-440E-A5ED-67C272969AD9}.Release|Any CPU.ActiveCfg = Release|Any CPU
		{9860D0BE-2674-440E-A5ED-67C272969AD9}.Release|Any CPU.Build.0 = Release|Any CPU
		{5BFA26F1-13C6-43C4-9C3A-1142655114B6}.Debug|Any CPU.ActiveCfg = Debug|Any CPU
		{5BFA26F1-13C6-43C4-9C3A-1142655114B6}.Debug|Any CPU.Build.0 = Debug|Any CPU
		{5BFA26F1-13C6-43C4-9C3A-1142655114B6}.Release|Any CPU.ActiveCfg = Release|Any CPU
		{5BFA26F1-13C6-43C4-9C3A-1142655114B6}.Release|Any CPU.Build.0 = Release|Any CPU
	EndGlobalSection
EndGlobal
